<Solution>
  <Project Path="Assembly-CSharp.csproj" />
  <Project Path="Unity.2D.PixelPerfect.Editor.csproj" />
  <Project Path="Unity.2D.PixelPerfect.Samples.csproj" />
  <Project Path="Unity.2D.PixelPerfect.csproj" />
  <Project Path="Unity.2D.PixelPerfect.Editor.Tests.csproj" />
  <Project Path="Unity.2D.PixelPerfect.Samples.Editor.csproj" />
</Solution>
